
Microsoft Visual Studio Solution File, Format Version 12.00
# Visual Studio Version 16
VisualStudioVersion = 16.0.31624.102
MinimumVisualStudioVersion = 10.0.40219.1
Project("{8BC9CEB8-8B4A-11D0-8D11-00A0C91BC942}") = "lab-5.4", "lab-5.4\lab-5.4.vcxproj", "{2599FCF1-BA9C-4F6F-9053-1BB8D4BE0F4B}"
EndProject
Project("{8BC9CEB8-8B4A-11D0-8D11-00A0C91BC942}") = "UnitTest1", "UnitTest1\UnitTest1.vcxproj", "{4F400614-6502-4225-8453-22D8635B328B}"
EndProject
Global
	GlobalSection(SolutionConfigurationPlatforms) = preSolution
		Debug|x64 = Debug|x64
		Debug|x86 = Debug|x86
		Release|x64 = Release|x64
		Release|x86 = Release|x86
	EndGlobalSection
	GlobalSection(ProjectConfigurationPlatforms) = postSolution
		{2599FCF1-BA9C-4F6F-9053-1BB8D4BE0F4B}.Debug|x64.ActiveCfg = Debug|x64
		{2599FCF1-BA9C-4F6F-9053-1BB8D4BE0F4B}.Debug|x64.Build.0 = Debug|x64
		{2599FCF1-BA9C-4F6F-9053-1BB8D4BE0F4B}.Debug|x86.ActiveCfg = Debug|Win32
		{2599FCF1-BA9C-4F6F-9053-1BB8D4BE0F4B}.Debug|x86.Build.0 = Debug|Win32
		{2599FCF1-BA9C-4F6F-9053-1BB8D4BE0F4B}.Release|x64.ActiveCfg = Release|x64
		{2599FCF1-BA9C-4F6F-9053-1BB8D4BE0F4B}.Release|x64.Build.0 = Release|x64
		{2599FCF1-BA9C-4F6F-9053-1BB8D4BE0F4B}.Release|x86.ActiveCfg = Release|Win32
		{2599FCF1-BA9C-4F6F-9053-1BB8D4BE0F4B}.Release|x86.Build.0 = Release|Win32
		{4F400614-6502-4225-8453-22D8635B328B}.Debug|x64.ActiveCfg = Debug|x64
		{4F400614-6502-4225-8453-22D8635B328B}.Debug|x64.Build.0 = Debug|x64
		{4F400614-6502-4225-8453-22D8635B328B}.Debug|x86.ActiveCfg = Debug|Win32
		{4F400614-6502-4225-8453-22D8635B328B}.Debug|x86.Build.0 = Debug|Win32
		{4F400614-6502-4225-8453-22D8635B328B}.Release|x64.ActiveCfg = Release|x64
		{4F400614-6502-4225-8453-22D8635B328B}.Release|x64.Build.0 = Release|x64
		{4F400614-6502-4225-8453-22D8635B328B}.Release|x86.ActiveCfg = Release|Win32
		{4F400614-6502-4225-8453-22D8635B328B}.Release|x86.Build.0 = Release|Win32
	EndGlobalSection
	GlobalSection(SolutionProperties) = preSolution
		HideSolutionNode = FALSE
	EndGlobalSection
	GlobalSection(ExtensibilityGlobals) = postSolution
		SolutionGuid = {9EEA225A-F6B7-4186-B6EB-FB6E1BB91F60}
	EndGlobalSection
EndGlobal
